
Microsoft Visual Studio Solution File, Format Version 12.00
# Visual Studio Version 17
VisualStudioVersion = 17.11.35327.3
MinimumVisualStudioVersion = 10.0.40219.1
Project("{8BC9CEB8-8B4A-11D0-8D11-00A0C91BC942}") = "Project2", "Project2\Project2.vcxproj", "{486F58B3-3110-41A9-BF6D-A32B2D81FD03}"
EndProject
Global
	GlobalSection(SolutionConfigurationPlatforms) = preSolution
		Debug|x64 = Debug|x64
		Debug|x86 = Debug|x86
		Release|x64 = Release|x64
		Release|x86 = Release|x86
	EndGlobalSection
	GlobalSection(ProjectConfigurationPlatforms) = postSolution
		{486F58B3-3110-41A9-BF6D-A32B2D81FD03}.Debug|x64.ActiveCfg = Debug|x64
		{486F58B3-3110-41A9-BF6D-A32B2D81FD03}.Debug|x64.Build.0 = Debug|x64
		{486F58B3-3110-41A9-BF6D-A32B2D81FD03}.Debug|x86.ActiveCfg = Debug|Win32
		{486F58B3-3110-41A9-BF6D-A32B2D81FD03}.Debug|x86.Build.0 = Debug|Win32
		{486F58B3-3110-41A9-BF6D-A32B2D81FD03}.Release|x64.ActiveCfg = Release|x64
		{486F58B3-3110-41A9-BF6D-A32B2D81FD03}.Release|x64.Build.0 = Release|x64
		{486F58B3-3110-41A9-BF6D-A32B2D81FD03}.Release|x86.ActiveCfg = Release|Win32
		{486F58B3-3110-41A9-BF6D-A32B2D81FD03}.Release|x86.Build.0 = Release|Win32
	EndGlobalSection
	GlobalSection(SolutionProperties) = preSolution
		HideSolutionNode = FALSE
	EndGlobalSection
	GlobalSection(ExtensibilityGlobals) = postSolution
		SolutionGuid = {9DBFA394-3AAB-402A-8AB5-91502E8D3BE8}
	EndGlobalSection
EndGlobal
